version = 1
requires-python = ">=3.9"

[[package]]
name = "intelligent-cloud-load-balancer"
version = "1.0.0"
source = { editable = "." }
dependencies = [
  { name = "fastapi" },
  { name = "uvicorn" },
  { name = "pydantic" },
  { name = "numpy" },
  { name = "openai" },
  { name = "pyyaml" },
  { name = "openenv-core" },
]
